
Microsoft Visual Studio Solution File, Format Version 12.00
# Visual Studio 14
VisualStudioVersion = 14.0.25420.1
MinimumVisualStudioVersion = 10.0.40219.1
Project("{FAE04EC0-301F-11D3-BF4B-00C04F79EFBC}") = "SFNetwork", "SFNetwork\SFNetwork.csproj", "{7A37DD37-E7A2-4F03-9F60-E6F66D378EE6}"
EndProject
Project("{FAE04EC0-301F-11D3-BF4B-00C04F79EFBC}") = "Network", "Network\Network.csproj", "{760075AF-B019-48C8-9922-31BC2B78401B}"
EndProject
Project("{FAE04EC0-301F-11D3-BF4B-00C04F79EFBC}") = "NetworksTest", "NetworksTest\NetworksTest.csproj", "{364187C4-02E2-4A4D-9B0B-4BAACE17D444}"
EndProject
Project("{FAE04EC0-301F-11D3-BF4B-00C04F79EFBC}") = "SFNetworkOscGrapher", "Histogrammer\SFNetworkOscGrapher.csproj", "{DDA1CCE6-8A6F-49C6-9A43-7ABEDDF165CF}"
EndProject
Project("{FAE04EC0-301F-11D3-BF4B-00C04F79EFBC}") = "SFNetworkDistributionCheck", "SFNetworkDistributionCheck\SFNetworkDistributionCheck.csproj", "{7DBC1DEA-4772-44FD-A336-0626DDA3A76C}"
EndProject
Project("{FAE04EC0-301F-11D3-BF4B-00C04F79EFBC}") = "ilGrapher", "ilGrapher\ilGrapher.csproj", "{C7A3DB5F-61B8-4780-93F4-5C859AF9F332}"
EndProject
Project("{2150E333-8FDC-42A3-9474-1A3956D46DE8}") = "Classes", "Classes", "{BDFB2DED-75A5-4FF8-BEF0-6DEFA3C77C78}"
EndProject
Project("{2150E333-8FDC-42A3-9474-1A3956D46DE8}") = "Networks", "Networks", "{96C86778-B9C9-4ACE-82B3-32C70C12129A}"
EndProject
Project("{FAE04EC0-301F-11D3-BF4B-00C04F79EFBC}") = "SFNetworkOscillator", "SFNetworkOscillator\SFNetworkOscillator.csproj", "{90455795-8F56-4AFC-A11A-61B576D0B531}"
EndProject
Project("{FAE04EC0-301F-11D3-BF4B-00C04F79EFBC}") = "RungeKutta4System", "RungeKutta4System\RungeKutta4System.csproj", "{25BC8E89-7F46-4F29-8198-C49260D374F5}"
EndProject
Project("{FAE04EC0-301F-11D3-BF4B-00C04F79EFBC}") = "SFNetworkDynamicCalculater", "SFNetworkDynamicCalculater\SFNetworkDynamicCalculater.csproj", "{8433286E-F816-4B78-948E-392AFBEE437B}"
EndProject
Project("{8BC9CEB8-8B4A-11D0-8D11-00A0C91BC942}") = "CPPSFNetworksTest", "CPPSFNetworksTest\CPPSFNetwork.vcxproj", "{D0B97B07-D68B-4F41-8BFB-4C0FDF19E53F}"
EndProject
Project("{2150E333-8FDC-42A3-9474-1A3956D46DE8}") = "C++", "C++", "{08D942A0-9BC2-4ECE-9569-CE41182E11FB}"
EndProject
Project("{2150E333-8FDC-42A3-9474-1A3956D46DE8}") = "CSharp", "CSharp", "{BBBCE026-8788-4DF7-BE08-E15D3456F1C9}"
EndProject
Project("{FAE04EC0-301F-11D3-BF4B-00C04F79EFBC}") = "ilRandom", "ilRandom\ilRandom.csproj", "{532A97FC-CDB1-4DEF-BB91-9A70461686F7}"
EndProject
Project("{FAE04EC0-301F-11D3-BF4B-00C04F79EFBC}") = "ilSerializer", "ilSerializer\ilSerializer.csproj", "{9F33D35F-993E-4238-AC2E-1CE8E2A2D950}"
EndProject
Project("{FAE04EC0-301F-11D3-BF4B-00C04F79EFBC}") = "SFNetworkOscVisualizer", "SFNetworkOscVisualizer\SFNetworkOscVisualizer.csproj", "{E3ED6E4B-468F-4E58-B45D-641014A44B34}"
EndProject
Project("{8BC9CEB8-8B4A-11D0-8D11-00A0C91BC942}") = "CPP_SFNetwork", "CPP_SFNetwork\CPP_SFNetwork.vcxproj", "{697F763E-06C0-4E58-AFD4-8FC003846173}"
EndProject
Project("{8BC9CEB8-8B4A-11D0-8D11-00A0C91BC942}") = "CPP_ilRand", "CPP_ilRand\CPP_ilRand.vcxproj", "{68089735-451C-4894-8DAE-F3D837F1E64F}"
EndProject
Project("{8BC9CEB8-8B4A-11D0-8D11-00A0C91BC942}") = "CPP_RK4S", "CPP_RK4S\CPP_RK4S.vcxproj", "{986AB4E0-A08D-456E-A280-DB4CCCE8F413}"
EndProject
Project("{2150E333-8FDC-42A3-9474-1A3956D46DE8}") = "Classes", "Classes", "{B97C68A5-1458-4F72-AC37-2460B39516AA}"
EndProject
Project("{8BC9CEB8-8B4A-11D0-8D11-00A0C91BC942}") = "CPP_SFNWOscDynCalcSafe", "CPP_SFNWOscDynCalcSafe\CPP_SFNWOscDynCalcSafe.vcxproj", "{098D6AE7-03EA-4E24-ADBC-77AB3C56EBA4}"
EndProject
Project("{8BC9CEB8-8B4A-11D0-8D11-00A0C91BC942}") = "CPP_SFNetworkOscillator", "CPP_SFNetworkOscillator\CPP_SFNetworkOscillator.vcxproj", "{953B154F-59A5-416A-B0C0-6D5E97823B4C}"
EndProject
Project("{8BC9CEB8-8B4A-11D0-8D11-00A0C91BC942}") = "CPP_SFNWOscCalculator", "CPP_SFNWOscTimeManager\CPP_SFNWOscTimeManager.vcxproj", "{66C69571-E327-42F2-8D93-393AF4DB43F4}"
EndProject
Project("{FAE04EC0-301F-11D3-BF4B-00C04F79EFBC}") = "SFNetworkDistributionVisualGenerate", "SFNetworkDistributionVisualGenerate\SFNetworkDistributionVisualGenerate.csproj", "{59BBC866-6927-4058-B194-C99DEC7C93AD}"
EndProject
Project("{FAE04EC0-301F-11D3-BF4B-00C04F79EFBC}") = "ilGrapher_Tester", "ilGrapher_Tester\ilGrapher_Tester.csproj", "{8392B2AB-F6C7-4E58-8E6A-4A5965211BB6}"
EndProject
Global
	GlobalSection(SolutionConfigurationPlatforms) = preSolution
		Debug|Any CPU = Debug|Any CPU
		Debug|x64 = Debug|x64
		Debug|x86 = Debug|x86
		Release|Any CPU = Release|Any CPU
		Release|x64 = Release|x64
		Release|x86 = Release|x86
	EndGlobalSection
	GlobalSection(ProjectConfigurationPlatforms) = postSolution
		{7A37DD37-E7A2-4F03-9F60-E6F66D378EE6}.Debug|Any CPU.ActiveCfg = Debug|Any CPU
		{7A37DD37-E7A2-4F03-9F60-E6F66D378EE6}.Debug|Any CPU.Build.0 = Debug|Any CPU
		{7A37DD37-E7A2-4F03-9F60-E6F66D378EE6}.Debug|x64.ActiveCfg = Debug|Any CPU
		{7A37DD37-E7A2-4F03-9F60-E6F66D378EE6}.Debug|x64.Build.0 = Debug|Any CPU
		{7A37DD37-E7A2-4F03-9F60-E6F66D378EE6}.Debug|x86.ActiveCfg = Debug|Any CPU
		{7A37DD37-E7A2-4F03-9F60-E6F66D378EE6}.Debug|x86.Build.0 = Debug|Any CPU
		{7A37DD37-E7A2-4F03-9F60-E6F66D378EE6}.Release|Any CPU.ActiveCfg = Release|Any CPU
		{7A37DD37-E7A2-4F03-9F60-E6F66D378EE6}.Release|Any CPU.Build.0 = Release|Any CPU
		{7A37DD37-E7A2-4F03-9F60-E6F66D378EE6}.Release|x64.ActiveCfg = Release|Any CPU
		{7A37DD37-E7A2-4F03-9F60-E6F66D378EE6}.Release|x64.Build.0 = Release|Any CPU
		{7A37DD37-E7A2-4F03-9F60-E6F66D378EE6}.Release|x86.ActiveCfg = Release|Any CPU
		{7A37DD37-E7A2-4F03-9F60-E6F66D378EE6}.Release|x86.Build.0 = Release|Any CPU
		{760075AF-B019-48C8-9922-31BC2B78401B}.Debug|Any CPU.ActiveCfg = Debug|Any CPU
		{760075AF-B019-48C8-9922-31BC2B78401B}.Debug|Any CPU.Build.0 = Debug|Any CPU
		{760075AF-B019-48C8-9922-31BC2B78401B}.Debug|x64.ActiveCfg = Debug|Any CPU
		{760075AF-B019-48C8-9922-31BC2B78401B}.Debug|x64.Build.0 = Debug|Any CPU
		{760075AF-B019-48C8-9922-31BC2B78401B}.Debug|x86.ActiveCfg = Debug|Any CPU
		{760075AF-B019-48C8-9922-31BC2B78401B}.Debug|x86.Build.0 = Debug|Any CPU
		{760075AF-B019-48C8-9922-31BC2B78401B}.Release|Any CPU.ActiveCfg = Release|Any CPU
		{760075AF-B019-48C8-9922-31BC2B78401B}.Release|Any CPU.Build.0 = Release|Any CPU
		{760075AF-B019-48C8-9922-31BC2B78401B}.Release|x64.ActiveCfg = Release|Any CPU
		{760075AF-B019-48C8-9922-31BC2B78401B}.Release|x64.Build.0 = Release|Any CPU
		{760075AF-B019-48C8-9922-31BC2B78401B}.Release|x86.ActiveCfg = Release|Any CPU
		{760075AF-B019-48C8-9922-31BC2B78401B}.Release|x86.Build.0 = Release|Any CPU
		{364187C4-02E2-4A4D-9B0B-4BAACE17D444}.Debug|Any CPU.ActiveCfg = Debug|Any CPU
		{364187C4-02E2-4A4D-9B0B-4BAACE17D444}.Debug|Any CPU.Build.0 = Debug|Any CPU
		{364187C4-02E2-4A4D-9B0B-4BAACE17D444}.Debug|x64.ActiveCfg = Debug|Any CPU
		{364187C4-02E2-4A4D-9B0B-4BAACE17D444}.Debug|x64.Build.0 = Debug|Any CPU
		{364187C4-02E2-4A4D-9B0B-4BAACE17D444}.Debug|x86.ActiveCfg = Debug|Any CPU
		{364187C4-02E2-4A4D-9B0B-4BAACE17D444}.Debug|x86.Build.0 = Debug|Any CPU
		{364187C4-02E2-4A4D-9B0B-4BAACE17D444}.Release|Any CPU.ActiveCfg = Release|Any CPU
		{364187C4-02E2-4A4D-9B0B-4BAACE17D444}.Release|Any CPU.Build.0 = Release|Any CPU
		{364187C4-02E2-4A4D-9B0B-4BAACE17D444}.Release|x64.ActiveCfg = Release|Any CPU
		{364187C4-02E2-4A4D-9B0B-4BAACE17D444}.Release|x64.Build.0 = Release|Any CPU
		{364187C4-02E2-4A4D-9B0B-4BAACE17D444}.Release|x86.ActiveCfg = Release|Any CPU
		{364187C4-02E2-4A4D-9B0B-4BAACE17D444}.Release|x86.Build.0 = Release|Any CPU
		{DDA1CCE6-8A6F-49C6-9A43-7ABEDDF165CF}.Debug|Any CPU.ActiveCfg = Debug|Any CPU
		{DDA1CCE6-8A6F-49C6-9A43-7ABEDDF165CF}.Debug|Any CPU.Build.0 = Debug|Any CPU
		{DDA1CCE6-8A6F-49C6-9A43-7ABEDDF165CF}.Debug|x64.ActiveCfg = Debug|Any CPU
		{DDA1CCE6-8A6F-49C6-9A43-7ABEDDF165CF}.Debug|x64.Build.0 = Debug|Any CPU
		{DDA1CCE6-8A6F-49C6-9A43-7ABEDDF165CF}.Debug|x86.ActiveCfg = Debug|Any CPU
		{DDA1CCE6-8A6F-49C6-9A43-7ABEDDF165CF}.Debug|x86.Build.0 = Debug|Any CPU
		{DDA1CCE6-8A6F-49C6-9A43-7ABEDDF165CF}.Release|Any CPU.ActiveCfg = Release|Any CPU
		{DDA1CCE6-8A6F-49C6-9A43-7ABEDDF165CF}.Release|Any CPU.Build.0 = Release|Any CPU
		{DDA1CCE6-8A6F-49C6-9A43-7ABEDDF165CF}.Release|x64.ActiveCfg = Release|Any CPU
		{DDA1CCE6-8A6F-49C6-9A43-7ABEDDF165CF}.Release|x64.Build.0 = Release|Any CPU
		{DDA1CCE6-8A6F-49C6-9A43-7ABEDDF165CF}.Release|x86.ActiveCfg = Release|Any CPU
		{DDA1CCE6-8A6F-49C6-9A43-7ABEDDF165CF}.Release|x86.Build.0 = Release|Any CPU
		{7DBC1DEA-4772-44FD-A336-0626DDA3A76C}.Debug|Any CPU.ActiveCfg = Debug|Any CPU
		{7DBC1DEA-4772-44FD-A336-0626DDA3A76C}.Debug|Any CPU.Build.0 = Debug|Any CPU
		{7DBC1DEA-4772-44FD-A336-0626DDA3A76C}.Debug|x64.ActiveCfg = Debug|Any CPU
		{7DBC1DEA-4772-44FD-A336-0626DDA3A76C}.Debug|x64.Build.0 = Debug|Any CPU
		{7DBC1DEA-4772-44FD-A336-0626DDA3A76C}.Debug|x86.ActiveCfg = Debug|Any CPU
		{7DBC1DEA-4772-44FD-A336-0626DDA3A76C}.Debug|x86.Build.0 = Debug|Any CPU
		{7DBC1DEA-4772-44FD-A336-0626DDA3A76C}.Release|Any CPU.ActiveCfg = Release|Any CPU
		{7DBC1DEA-4772-44FD-A336-0626DDA3A76C}.Release|Any CPU.Build.0 = Release|Any CPU
		{7DBC1DEA-4772-44FD-A336-0626DDA3A76C}.Release|x64.ActiveCfg = Release|Any CPU
		{7DBC1DEA-4772-44FD-A336-0626DDA3A76C}.Release|x64.Build.0 = Release|Any CPU
		{7DBC1DEA-4772-44FD-A336-0626DDA3A76C}.Release|x86.ActiveCfg = Release|Any CPU
		{7DBC1DEA-4772-44FD-A336-0626DDA3A76C}.Release|x86.Build.0 = Release|Any CPU
		{C7A3DB5F-61B8-4780-93F4-5C859AF9F332}.Debug|Any CPU.ActiveCfg = Debug|Any CPU
		{C7A3DB5F-61B8-4780-93F4-5C859AF9F332}.Debug|Any CPU.Build.0 = Debug|Any CPU
		{C7A3DB5F-61B8-4780-93F4-5C859AF9F332}.Debug|x64.ActiveCfg = Debug|Any CPU
		{C7A3DB5F-61B8-4780-93F4-5C859AF9F332}.Debug|x64.Build.0 = Debug|Any CPU
		{C7A3DB5F-61B8-4780-93F4-5C859AF9F332}.Debug|x86.ActiveCfg = Debug|Any CPU
		{C7A3DB5F-61B8-4780-93F4-5C859AF9F332}.Debug|x86.Build.0 = Debug|Any CPU
		{C7A3DB5F-61B8-4780-93F4-5C859AF9F332}.Release|Any CPU.ActiveCfg = Release|Any CPU
		{C7A3DB5F-61B8-4780-93F4-5C859AF9F332}.Release|Any CPU.Build.0 = Release|Any CPU
		{C7A3DB5F-61B8-4780-93F4-5C859AF9F332}.Release|x64.ActiveCfg = Release|Any CPU
		{C7A3DB5F-61B8-4780-93F4-5C859AF9F332}.Release|x64.Build.0 = Release|Any CPU
		{C7A3DB5F-61B8-4780-93F4-5C859AF9F332}.Release|x86.ActiveCfg = Release|Any CPU
		{C7A3DB5F-61B8-4780-93F4-5C859AF9F332}.Release|x86.Build.0 = Release|Any CPU
		{90455795-8F56-4AFC-A11A-61B576D0B531}.Debug|Any CPU.ActiveCfg = Debug|Any CPU
		{90455795-8F56-4AFC-A11A-61B576D0B531}.Debug|Any CPU.Build.0 = Debug|Any CPU
		{90455795-8F56-4AFC-A11A-61B576D0B531}.Debug|x64.ActiveCfg = Debug|Any CPU
		{90455795-8F56-4AFC-A11A-61B576D0B531}.Debug|x64.Build.0 = Debug|Any CPU
		{90455795-8F56-4AFC-A11A-61B576D0B531}.Debug|x86.ActiveCfg = Debug|Any CPU
		{90455795-8F56-4AFC-A11A-61B576D0B531}.Debug|x86.Build.0 = Debug|Any CPU
		{90455795-8F56-4AFC-A11A-61B576D0B531}.Release|Any CPU.ActiveCfg = Release|Any CPU
		{90455795-8F56-4AFC-A11A-61B576D0B531}.Release|Any CPU.Build.0 = Release|Any CPU
		{90455795-8F56-4AFC-A11A-61B576D0B531}.Release|x64.ActiveCfg = Release|Any CPU
		{90455795-8F56-4AFC-A11A-61B576D0B531}.Release|x64.Build.0 = Release|Any CPU
		{90455795-8F56-4AFC-A11A-61B576D0B531}.Release|x86.ActiveCfg = Release|Any CPU
		{90455795-8F56-4AFC-A11A-61B576D0B531}.Release|x86.Build.0 = Release|Any CPU
		{25BC8E89-7F46-4F29-8198-C49260D374F5}.Debug|Any CPU.ActiveCfg = Debug|Any CPU
		{25BC8E89-7F46-4F29-8198-C49260D374F5}.Debug|Any CPU.Build.0 = Debug|Any CPU
		{25BC8E89-7F46-4F29-8198-C49260D374F5}.Debug|x64.ActiveCfg = Debug|Any CPU
		{25BC8E89-7F46-4F29-8198-C49260D374F5}.Debug|x64.Build.0 = Debug|Any CPU
		{25BC8E89-7F46-4F29-8198-C49260D374F5}.Debug|x86.ActiveCfg = Debug|Any CPU
		{25BC8E89-7F46-4F29-8198-C49260D374F5}.Debug|x86.Build.0 = Debug|Any CPU
		{25BC8E89-7F46-4F29-8198-C49260D374F5}.Release|Any CPU.ActiveCfg = Release|Any CPU
		{25BC8E89-7F46-4F29-8198-C49260D374F5}.Release|Any CPU.Build.0 = Release|Any CPU
		{25BC8E89-7F46-4F29-8198-C49260D374F5}.Release|x64.ActiveCfg = Release|Any CPU
		{25BC8E89-7F46-4F29-8198-C49260D374F5}.Release|x64.Build.0 = Release|Any CPU
		{25BC8E89-7F46-4F29-8198-C49260D374F5}.Release|x86.ActiveCfg = Release|Any CPU
		{25BC8E89-7F46-4F29-8198-C49260D374F5}.Release|x86.Build.0 = Release|Any CPU
		{8433286E-F816-4B78-948E-392AFBEE437B}.Debug|Any CPU.ActiveCfg = Debug|Any CPU
		{8433286E-F816-4B78-948E-392AFBEE437B}.Debug|Any CPU.Build.0 = Debug|Any CPU
		{8433286E-F816-4B78-948E-392AFBEE437B}.Debug|x64.ActiveCfg = Debug|Any CPU
		{8433286E-F816-4B78-948E-392AFBEE437B}.Debug|x64.Build.0 = Debug|Any CPU
		{8433286E-F816-4B78-948E-392AFBEE437B}.Debug|x86.ActiveCfg = Debug|Any CPU
		{8433286E-F816-4B78-948E-392AFBEE437B}.Debug|x86.Build.0 = Debug|Any CPU
		{8433286E-F816-4B78-948E-392AFBEE437B}.Release|Any CPU.ActiveCfg = Release|Any CPU
		{8433286E-F816-4B78-948E-392AFBEE437B}.Release|Any CPU.Build.0 = Release|Any CPU
		{8433286E-F816-4B78-948E-392AFBEE437B}.Release|x64.ActiveCfg = Release|Any CPU
		{8433286E-F816-4B78-948E-392AFBEE437B}.Release|x64.Build.0 = Release|Any CPU
		{8433286E-F816-4B78-948E-392AFBEE437B}.Release|x86.ActiveCfg = Release|Any CPU
		{8433286E-F816-4B78-948E-392AFBEE437B}.Release|x86.Build.0 = Release|Any CPU
		{D0B97B07-D68B-4F41-8BFB-4C0FDF19E53F}.Debug|Any CPU.ActiveCfg = Debug|Win32
		{D0B97B07-D68B-4F41-8BFB-4C0FDF19E53F}.Debug|x64.ActiveCfg = Debug|x64
		{D0B97B07-D68B-4F41-8BFB-4C0FDF19E53F}.Debug|x64.Build.0 = Debug|x64
		{D0B97B07-D68B-4F41-8BFB-4C0FDF19E53F}.Debug|x86.ActiveCfg = Debug|Win32
		{D0B97B07-D68B-4F41-8BFB-4C0FDF19E53F}.Debug|x86.Build.0 = Debug|Win32
		{D0B97B07-D68B-4F41-8BFB-4C0FDF19E53F}.Release|Any CPU.ActiveCfg = Release|Win32
		{D0B97B07-D68B-4F41-8BFB-4C0FDF19E53F}.Release|x64.ActiveCfg = Release|x64
		{D0B97B07-D68B-4F41-8BFB-4C0FDF19E53F}.Release|x64.Build.0 = Release|x64
		{D0B97B07-D68B-4F41-8BFB-4C0FDF19E53F}.Release|x86.ActiveCfg = Release|Win32
		{D0B97B07-D68B-4F41-8BFB-4C0FDF19E53F}.Release|x86.Build.0 = Release|Win32
		{532A97FC-CDB1-4DEF-BB91-9A70461686F7}.Debug|Any CPU.ActiveCfg = Debug|Any CPU
		{532A97FC-CDB1-4DEF-BB91-9A70461686F7}.Debug|Any CPU.Build.0 = Debug|Any CPU
		{532A97FC-CDB1-4DEF-BB91-9A70461686F7}.Debug|x64.ActiveCfg = Debug|Any CPU
		{532A97FC-CDB1-4DEF-BB91-9A70461686F7}.Debug|x64.Build.0 = Debug|Any CPU
		{532A97FC-CDB1-4DEF-BB91-9A70461686F7}.Debug|x86.ActiveCfg = Debug|Any CPU
		{532A97FC-CDB1-4DEF-BB91-9A70461686F7}.Debug|x86.Build.0 = Debug|Any CPU
		{532A97FC-CDB1-4DEF-BB91-9A70461686F7}.Release|Any CPU.ActiveCfg = Release|Any CPU
		{532A97FC-CDB1-4DEF-BB91-9A70461686F7}.Release|Any CPU.Build.0 = Release|Any CPU
		{532A97FC-CDB1-4DEF-BB91-9A70461686F7}.Release|x64.ActiveCfg = Release|Any CPU
		{532A97FC-CDB1-4DEF-BB91-9A70461686F7}.Release|x64.Build.0 = Release|Any CPU
		{532A97FC-CDB1-4DEF-BB91-9A70461686F7}.Release|x86.ActiveCfg = Release|Any CPU
		{532A97FC-CDB1-4DEF-BB91-9A70461686F7}.Release|x86.Build.0 = Release|Any CPU
		{9F33D35F-993E-4238-AC2E-1CE8E2A2D950}.Debug|Any CPU.ActiveCfg = Debug|Any CPU
		{9F33D35F-993E-4238-AC2E-1CE8E2A2D950}.Debug|Any CPU.Build.0 = Debug|Any CPU
		{9F33D35F-993E-4238-AC2E-1CE8E2A2D950}.Debug|x64.ActiveCfg = Debug|Any CPU
		{9F33D35F-993E-4238-AC2E-1CE8E2A2D950}.Debug|x64.Build.0 = Debug|Any CPU
		{9F33D35F-993E-4238-AC2E-1CE8E2A2D950}.Debug|x86.ActiveCfg = Debug|Any CPU
		{9F33D35F-993E-4238-AC2E-1CE8E2A2D950}.Debug|x86.Build.0 = Debug|Any CPU
		{9F33D35F-993E-4238-AC2E-1CE8E2A2D950}.Release|Any CPU.ActiveCfg = Release|Any CPU
		{9F33D35F-993E-4238-AC2E-1CE8E2A2D950}.Release|Any CPU.Build.0 = Release|Any CPU
		{9F33D35F-993E-4238-AC2E-1CE8E2A2D950}.Release|x64.ActiveCfg = Release|Any CPU
		{9F33D35F-993E-4238-AC2E-1CE8E2A2D950}.Release|x64.Build.0 = Release|Any CPU
		{9F33D35F-993E-4238-AC2E-1CE8E2A2D950}.Release|x86.ActiveCfg = Release|Any CPU
		{9F33D35F-993E-4238-AC2E-1CE8E2A2D950}.Release|x86.Build.0 = Release|Any CPU
		{E3ED6E4B-468F-4E58-B45D-641014A44B34}.Debug|Any CPU.ActiveCfg = Debug|Any CPU
		{E3ED6E4B-468F-4E58-B45D-641014A44B34}.Debug|Any CPU.Build.0 = Debug|Any CPU
		{E3ED6E4B-468F-4E58-B45D-641014A44B34}.Debug|x64.ActiveCfg = Debug|Any CPU
		{E3ED6E4B-468F-4E58-B45D-641014A44B34}.Debug|x64.Build.0 = Debug|Any CPU
		{E3ED6E4B-468F-4E58-B45D-641014A44B34}.Debug|x86.ActiveCfg = Debug|Any CPU
		{E3ED6E4B-468F-4E58-B45D-641014A44B34}.Debug|x86.Build.0 = Debug|Any CPU
		{E3ED6E4B-468F-4E58-B45D-641014A44B34}.Release|Any CPU.ActiveCfg = Release|Any CPU
		{E3ED6E4B-468F-4E58-B45D-641014A44B34}.Release|Any CPU.Build.0 = Release|Any CPU
		{E3ED6E4B-468F-4E58-B45D-641014A44B34}.Release|x64.ActiveCfg = Release|Any CPU
		{E3ED6E4B-468F-4E58-B45D-641014A44B34}.Release|x64.Build.0 = Release|Any CPU
		{E3ED6E4B-468F-4E58-B45D-641014A44B34}.Release|x86.ActiveCfg = Release|Any CPU
		{E3ED6E4B-468F-4E58-B45D-641014A44B34}.Release|x86.Build.0 = Release|Any CPU
		{697F763E-06C0-4E58-AFD4-8FC003846173}.Debug|Any CPU.ActiveCfg = Debug|Win32
		{697F763E-06C0-4E58-AFD4-8FC003846173}.Debug|x64.ActiveCfg = Debug|x64
		{697F763E-06C0-4E58-AFD4-8FC003846173}.Debug|x64.Build.0 = Debug|x64
		{697F763E-06C0-4E58-AFD4-8FC003846173}.Debug|x86.ActiveCfg = Debug|Win32
		{697F763E-06C0-4E58-AFD4-8FC003846173}.Debug|x86.Build.0 = Debug|Win32
		{697F763E-06C0-4E58-AFD4-8FC003846173}.Release|Any CPU.ActiveCfg = Release|Win32
		{697F763E-06C0-4E58-AFD4-8FC003846173}.Release|x64.ActiveCfg = Release|x64
		{697F763E-06C0-4E58-AFD4-8FC003846173}.Release|x64.Build.0 = Release|x64
		{697F763E-06C0-4E58-AFD4-8FC003846173}.Release|x86.ActiveCfg = Release|Win32
		{697F763E-06C0-4E58-AFD4-8FC003846173}.Release|x86.Build.0 = Release|Win32
		{68089735-451C-4894-8DAE-F3D837F1E64F}.Debug|Any CPU.ActiveCfg = Debug|Win32
		{68089735-451C-4894-8DAE-F3D837F1E64F}.Debug|x64.ActiveCfg = Debug|x64
		{68089735-451C-4894-8DAE-F3D837F1E64F}.Debug|x64.Build.0 = Debug|x64
		{68089735-451C-4894-8DAE-F3D837F1E64F}.Debug|x86.ActiveCfg = Debug|Win32
		{68089735-451C-4894-8DAE-F3D837F1E64F}.Debug|x86.Build.0 = Debug|Win32
		{68089735-451C-4894-8DAE-F3D837F1E64F}.Release|Any CPU.ActiveCfg = Release|Win32
		{68089735-451C-4894-8DAE-F3D837F1E64F}.Release|x64.ActiveCfg = Release|x64
		{68089735-451C-4894-8DAE-F3D837F1E64F}.Release|x64.Build.0 = Release|x64
		{68089735-451C-4894-8DAE-F3D837F1E64F}.Release|x86.ActiveCfg = Release|Win32
		{68089735-451C-4894-8DAE-F3D837F1E64F}.Release|x86.Build.0 = Release|Win32
		{986AB4E0-A08D-456E-A280-DB4CCCE8F413}.Debug|Any CPU.ActiveCfg = Debug|Win32
		{986AB4E0-A08D-456E-A280-DB4CCCE8F413}.Debug|x64.ActiveCfg = Debug|x64
		{986AB4E0-A08D-456E-A280-DB4CCCE8F413}.Debug|x64.Build.0 = Debug|x64
		{986AB4E0-A08D-456E-A280-DB4CCCE8F413}.Debug|x86.ActiveCfg = Debug|Win32
		{986AB4E0-A08D-456E-A280-DB4CCCE8F413}.Debug|x86.Build.0 = Debug|Win32
		{986AB4E0-A08D-456E-A280-DB4CCCE8F413}.Release|Any CPU.ActiveCfg = Release|Win32
		{986AB4E0-A08D-456E-A280-DB4CCCE8F413}.Release|x64.ActiveCfg = Release|x64
		{986AB4E0-A08D-456E-A280-DB4CCCE8F413}.Release|x64.Build.0 = Release|x64
		{986AB4E0-A08D-456E-A280-DB4CCCE8F413}.Release|x86.ActiveCfg = Release|Win32
		{986AB4E0-A08D-456E-A280-DB4CCCE8F413}.Release|x86.Build.0 = Release|Win32
		{098D6AE7-03EA-4E24-ADBC-77AB3C56EBA4}.Debug|Any CPU.ActiveCfg = Debug|Win32
		{098D6AE7-03EA-4E24-ADBC-77AB3C56EBA4}.Debug|x64.ActiveCfg = Debug|x64
		{098D6AE7-03EA-4E24-ADBC-77AB3C56EBA4}.Debug|x64.Build.0 = Debug|x64
		{098D6AE7-03EA-4E24-ADBC-77AB3C56EBA4}.Debug|x86.ActiveCfg = Debug|Win32
		{098D6AE7-03EA-4E24-ADBC-77AB3C56EBA4}.Debug|x86.Build.0 = Debug|Win32
		{098D6AE7-03EA-4E24-ADBC-77AB3C56EBA4}.Release|Any CPU.ActiveCfg = Release|Win32
		{098D6AE7-03EA-4E24-ADBC-77AB3C56EBA4}.Release|x64.ActiveCfg = Release|x64
		{098D6AE7-03EA-4E24-ADBC-77AB3C56EBA4}.Release|x64.Build.0 = Release|x64
		{098D6AE7-03EA-4E24-ADBC-77AB3C56EBA4}.Release|x86.ActiveCfg = Release|Win32
		{098D6AE7-03EA-4E24-ADBC-77AB3C56EBA4}.Release|x86.Build.0 = Release|Win32
		{953B154F-59A5-416A-B0C0-6D5E97823B4C}.Debug|Any CPU.ActiveCfg = Debug|Win32
		{953B154F-59A5-416A-B0C0-6D5E97823B4C}.Debug|x64.ActiveCfg = Debug|x64
		{953B154F-59A5-416A-B0C0-6D5E97823B4C}.Debug|x64.Build.0 = Debug|x64
		{953B154F-59A5-416A-B0C0-6D5E97823B4C}.Debug|x86.ActiveCfg = Debug|Win32
		{953B154F-59A5-416A-B0C0-6D5E97823B4C}.Debug|x86.Build.0 = Debug|Win32
		{953B154F-59A5-416A-B0C0-6D5E97823B4C}.Release|Any CPU.ActiveCfg = Release|Win32
		{953B154F-59A5-416A-B0C0-6D5E97823B4C}.Release|x64.ActiveCfg = Release|x64
		{953B154F-59A5-416A-B0C0-6D5E97823B4C}.Release|x64.Build.0 = Release|x64
		{953B154F-59A5-416A-B0C0-6D5E97823B4C}.Release|x86.ActiveCfg = Release|Win32
		{953B154F-59A5-416A-B0C0-6D5E97823B4C}.Release|x86.Build.0 = Release|Win32
		{66C69571-E327-42F2-8D93-393AF4DB43F4}.Debug|Any CPU.ActiveCfg = Debug|Win32
		{66C69571-E327-42F2-8D93-393AF4DB43F4}.Debug|x64.ActiveCfg = Debug|x64
		{66C69571-E327-42F2-8D93-393AF4DB43F4}.Debug|x64.Build.0 = Debug|x64
		{66C69571-E327-42F2-8D93-393AF4DB43F4}.Debug|x86.ActiveCfg = Debug|Win32
		{66C69571-E327-42F2-8D93-393AF4DB43F4}.Debug|x86.Build.0 = Debug|Win32
		{66C69571-E327-42F2-8D93-393AF4DB43F4}.Release|Any CPU.ActiveCfg = Release|Win32
		{66C69571-E327-42F2-8D93-393AF4DB43F4}.Release|x64.ActiveCfg = Release|x64
		{66C69571-E327-42F2-8D93-393AF4DB43F4}.Release|x64.Build.0 = Release|x64
		{66C69571-E327-42F2-8D93-393AF4DB43F4}.Release|x86.ActiveCfg = Release|Win32
		{66C69571-E327-42F2-8D93-393AF4DB43F4}.Release|x86.Build.0 = Release|Win32
		{59BBC866-6927-4058-B194-C99DEC7C93AD}.Debug|Any CPU.ActiveCfg = Debug|Any CPU
		{59BBC866-6927-4058-B194-C99DEC7C93AD}.Debug|Any CPU.Build.0 = Debug|Any CPU
		{59BBC866-6927-4058-B194-C99DEC7C93AD}.Debug|x64.ActiveCfg = Debug|Any CPU
		{59BBC866-6927-4058-B194-C99DEC7C93AD}.Debug|x64.Build.0 = Debug|Any CPU
		{59BBC866-6927-4058-B194-C99DEC7C93AD}.Debug|x86.ActiveCfg = Debug|Any CPU
		{59BBC866-6927-4058-B194-C99DEC7C93AD}.Debug|x86.Build.0 = Debug|Any CPU
		{59BBC866-6927-4058-B194-C99DEC7C93AD}.Release|Any CPU.ActiveCfg = Release|Any CPU
		{59BBC866-6927-4058-B194-C99DEC7C93AD}.Release|Any CPU.Build.0 = Release|Any CPU
		{59BBC866-6927-4058-B194-C99DEC7C93AD}.Release|x64.ActiveCfg = Release|Any CPU
		{59BBC866-6927-4058-B194-C99DEC7C93AD}.Release|x64.Build.0 = Release|Any CPU
		{59BBC866-6927-4058-B194-C99DEC7C93AD}.Release|x86.ActiveCfg = Release|Any CPU
		{59BBC866-6927-4058-B194-C99DEC7C93AD}.Release|x86.Build.0 = Release|Any CPU
		{8392B2AB-F6C7-4E58-8E6A-4A5965211BB6}.Debug|Any CPU.ActiveCfg = Debug|Any CPU
		{8392B2AB-F6C7-4E58-8E6A-4A5965211BB6}.Debug|Any CPU.Build.0 = Debug|Any CPU
		{8392B2AB-F6C7-4E58-8E6A-4A5965211BB6}.Debug|x64.ActiveCfg = Debug|Any CPU
		{8392B2AB-F6C7-4E58-8E6A-4A5965211BB6}.Debug|x64.Build.0 = Debug|Any CPU
		{8392B2AB-F6C7-4E58-8E6A-4A5965211BB6}.Debug|x86.ActiveCfg = Debug|Any CPU
		{8392B2AB-F6C7-4E58-8E6A-4A5965211BB6}.Debug|x86.Build.0 = Debug|Any CPU
		{8392B2AB-F6C7-4E58-8E6A-4A5965211BB6}.Release|Any CPU.ActiveCfg = Release|Any CPU
		{8392B2AB-F6C7-4E58-8E6A-4A5965211BB6}.Release|Any CPU.Build.0 = Release|Any CPU
		{8392B2AB-F6C7-4E58-8E6A-4A5965211BB6}.Release|x64.ActiveCfg = Release|Any CPU
		{8392B2AB-F6C7-4E58-8E6A-4A5965211BB6}.Release|x64.Build.0 = Release|Any CPU
		{8392B2AB-F6C7-4E58-8E6A-4A5965211BB6}.Release|x86.ActiveCfg = Release|Any CPU
		{8392B2AB-F6C7-4E58-8E6A-4A5965211BB6}.Release|x86.Build.0 = Release|Any CPU
	EndGlobalSection
	GlobalSection(SolutionProperties) = preSolution
		HideSolutionNode = FALSE
	EndGlobalSection
	GlobalSection(NestedProjects) = preSolution
		{7A37DD37-E7A2-4F03-9F60-E6F66D378EE6} = {96C86778-B9C9-4ACE-82B3-32C70C12129A}
		{760075AF-B019-48C8-9922-31BC2B78401B} = {96C86778-B9C9-4ACE-82B3-32C70C12129A}
		{364187C4-02E2-4A4D-9B0B-4BAACE17D444} = {BBBCE026-8788-4DF7-BE08-E15D3456F1C9}
		{DDA1CCE6-8A6F-49C6-9A43-7ABEDDF165CF} = {BBBCE026-8788-4DF7-BE08-E15D3456F1C9}
		{7DBC1DEA-4772-44FD-A336-0626DDA3A76C} = {96C86778-B9C9-4ACE-82B3-32C70C12129A}
		{C7A3DB5F-61B8-4780-93F4-5C859AF9F332} = {BDFB2DED-75A5-4FF8-BEF0-6DEFA3C77C78}
		{BDFB2DED-75A5-4FF8-BEF0-6DEFA3C77C78} = {BBBCE026-8788-4DF7-BE08-E15D3456F1C9}
		{96C86778-B9C9-4ACE-82B3-32C70C12129A} = {BDFB2DED-75A5-4FF8-BEF0-6DEFA3C77C78}
		{90455795-8F56-4AFC-A11A-61B576D0B531} = {96C86778-B9C9-4ACE-82B3-32C70C12129A}
		{25BC8E89-7F46-4F29-8198-C49260D374F5} = {BDFB2DED-75A5-4FF8-BEF0-6DEFA3C77C78}
		{8433286E-F816-4B78-948E-392AFBEE437B} = {BBBCE026-8788-4DF7-BE08-E15D3456F1C9}
		{D0B97B07-D68B-4F41-8BFB-4C0FDF19E53F} = {08D942A0-9BC2-4ECE-9569-CE41182E11FB}
		{532A97FC-CDB1-4DEF-BB91-9A70461686F7} = {BDFB2DED-75A5-4FF8-BEF0-6DEFA3C77C78}
		{9F33D35F-993E-4238-AC2E-1CE8E2A2D950} = {BDFB2DED-75A5-4FF8-BEF0-6DEFA3C77C78}
		{E3ED6E4B-468F-4E58-B45D-641014A44B34} = {BBBCE026-8788-4DF7-BE08-E15D3456F1C9}
		{697F763E-06C0-4E58-AFD4-8FC003846173} = {B97C68A5-1458-4F72-AC37-2460B39516AA}
		{68089735-451C-4894-8DAE-F3D837F1E64F} = {B97C68A5-1458-4F72-AC37-2460B39516AA}
		{986AB4E0-A08D-456E-A280-DB4CCCE8F413} = {B97C68A5-1458-4F72-AC37-2460B39516AA}
		{B97C68A5-1458-4F72-AC37-2460B39516AA} = {08D942A0-9BC2-4ECE-9569-CE41182E11FB}
		{098D6AE7-03EA-4E24-ADBC-77AB3C56EBA4} = {08D942A0-9BC2-4ECE-9569-CE41182E11FB}
		{953B154F-59A5-416A-B0C0-6D5E97823B4C} = {B97C68A5-1458-4F72-AC37-2460B39516AA}
		{66C69571-E327-42F2-8D93-393AF4DB43F4} = {08D942A0-9BC2-4ECE-9569-CE41182E11FB}
		{59BBC866-6927-4058-B194-C99DEC7C93AD} = {BBBCE026-8788-4DF7-BE08-E15D3456F1C9}
		{8392B2AB-F6C7-4E58-8E6A-4A5965211BB6} = {BDFB2DED-75A5-4FF8-BEF0-6DEFA3C77C78}
	EndGlobalSection
EndGlobal
