
Microsoft Visual Studio Solution File, Format Version 12.00
# Visual Studio 14
VisualStudioVersion = 14.0.25420.1
MinimumVisualStudioVersion = 10.0.40219.1
Project("{FAE04EC0-301F-11D3-BF4B-00C04F79EFBC}") = "SFNetwork", "SFNetwork\SFNetwork.csproj", "{7A37DD37-E7A2-4F03-9F60-E6F66D378EE6}"
EndProject
Project("{FAE04EC0-301F-11D3-BF4B-00C04F79EFBC}") = "Network", "Network\Network.csproj", "{760075AF-B019-48C8-9922-31BC2B78401B}"
EndProject
Project("{FAE04EC0-301F-11D3-BF4B-00C04F79EFBC}") = "NetworksTest", "NetworksTest\NetworksTest.csproj", "{364187C4-02E2-4A4D-9B0B-4BAACE17D444}"
EndProject
Project("{FAE04EC0-301F-11D3-BF4B-00C04F79EFBC}") = "Histogrammer", "Histogrammer\Histogrammer.csproj", "{DDA1CCE6-8A6F-49C6-9A43-7ABEDDF165CF}"
EndProject
Project("{FAE04EC0-301F-11D3-BF4B-00C04F79EFBC}") = "SFNetworkDistributionCheck", "SFNetworkDistributionCheck\SFNetworkDistributionCheck.csproj", "{7DBC1DEA-4772-44FD-A336-0626DDA3A76C}"
EndProject
Project("{FAE04EC0-301F-11D3-BF4B-00C04F79EFBC}") = "ilGrapher", "ilGrapher\ilGrapher.csproj", "{C7A3DB5F-61B8-4780-93F4-5C859AF9F332}"
EndProject
Project("{2150E333-8FDC-42A3-9474-1A3956D46DE8}") = "Classes", "Classes", "{BDFB2DED-75A5-4FF8-BEF0-6DEFA3C77C78}"
EndProject
Project("{2150E333-8FDC-42A3-9474-1A3956D46DE8}") = "Networks", "Networks", "{96C86778-B9C9-4ACE-82B3-32C70C12129A}"
EndProject
Project("{FAE04EC0-301F-11D3-BF4B-00C04F79EFBC}") = "SFNetworkOscillator", "SFNetworkOscillator\SFNetworkOscillator.csproj", "{90455795-8F56-4AFC-A11A-61B576D0B531}"
EndProject
Project("{FAE04EC0-301F-11D3-BF4B-00C04F79EFBC}") = "RungeKutta4System", "RungeKutta4System\RungeKutta4System.csproj", "{25BC8E89-7F46-4F29-8198-C49260D374F5}"
EndProject
Global
	GlobalSection(SolutionConfigurationPlatforms) = preSolution
		Debug|Any CPU = Debug|Any CPU
		Release|Any CPU = Release|Any CPU
	EndGlobalSection
	GlobalSection(ProjectConfigurationPlatforms) = postSolution
		{7A37DD37-E7A2-4F03-9F60-E6F66D378EE6}.Debug|Any CPU.ActiveCfg = Debug|Any CPU
		{7A37DD37-E7A2-4F03-9F60-E6F66D378EE6}.Debug|Any CPU.Build.0 = Debug|Any CPU
		{7A37DD37-E7A2-4F03-9F60-E6F66D378EE6}.Release|Any CPU.ActiveCfg = Release|Any CPU
		{7A37DD37-E7A2-4F03-9F60-E6F66D378EE6}.Release|Any CPU.Build.0 = Release|Any CPU
		{760075AF-B019-48C8-9922-31BC2B78401B}.Debug|Any CPU.ActiveCfg = Debug|Any CPU
		{760075AF-B019-48C8-9922-31BC2B78401B}.Debug|Any CPU.Build.0 = Debug|Any CPU
		{760075AF-B019-48C8-9922-31BC2B78401B}.Release|Any CPU.ActiveCfg = Release|Any CPU
		{760075AF-B019-48C8-9922-31BC2B78401B}.Release|Any CPU.Build.0 = Release|Any CPU
		{364187C4-02E2-4A4D-9B0B-4BAACE17D444}.Debug|Any CPU.ActiveCfg = Debug|Any CPU
		{364187C4-02E2-4A4D-9B0B-4BAACE17D444}.Debug|Any CPU.Build.0 = Debug|Any CPU
		{364187C4-02E2-4A4D-9B0B-4BAACE17D444}.Release|Any CPU.ActiveCfg = Release|Any CPU
		{364187C4-02E2-4A4D-9B0B-4BAACE17D444}.Release|Any CPU.Build.0 = Release|Any CPU
		{DDA1CCE6-8A6F-49C6-9A43-7ABEDDF165CF}.Debug|Any CPU.ActiveCfg = Debug|Any CPU
		{DDA1CCE6-8A6F-49C6-9A43-7ABEDDF165CF}.Debug|Any CPU.Build.0 = Debug|Any CPU
		{DDA1CCE6-8A6F-49C6-9A43-7ABEDDF165CF}.Release|Any CPU.ActiveCfg = Release|Any CPU
		{DDA1CCE6-8A6F-49C6-9A43-7ABEDDF165CF}.Release|Any CPU.Build.0 = Release|Any CPU
		{7DBC1DEA-4772-44FD-A336-0626DDA3A76C}.Debug|Any CPU.ActiveCfg = Debug|Any CPU
		{7DBC1DEA-4772-44FD-A336-0626DDA3A76C}.Debug|Any CPU.Build.0 = Debug|Any CPU
		{7DBC1DEA-4772-44FD-A336-0626DDA3A76C}.Release|Any CPU.ActiveCfg = Release|Any CPU
		{7DBC1DEA-4772-44FD-A336-0626DDA3A76C}.Release|Any CPU.Build.0 = Release|Any CPU
		{C7A3DB5F-61B8-4780-93F4-5C859AF9F332}.Debug|Any CPU.ActiveCfg = Debug|Any CPU
		{C7A3DB5F-61B8-4780-93F4-5C859AF9F332}.Debug|Any CPU.Build.0 = Debug|Any CPU
		{C7A3DB5F-61B8-4780-93F4-5C859AF9F332}.Release|Any CPU.ActiveCfg = Release|Any CPU
		{C7A3DB5F-61B8-4780-93F4-5C859AF9F332}.Release|Any CPU.Build.0 = Release|Any CPU
		{90455795-8F56-4AFC-A11A-61B576D0B531}.Debug|Any CPU.ActiveCfg = Debug|Any CPU
		{90455795-8F56-4AFC-A11A-61B576D0B531}.Debug|Any CPU.Build.0 = Debug|Any CPU
		{90455795-8F56-4AFC-A11A-61B576D0B531}.Release|Any CPU.ActiveCfg = Release|Any CPU
		{90455795-8F56-4AFC-A11A-61B576D0B531}.Release|Any CPU.Build.0 = Release|Any CPU
		{25BC8E89-7F46-4F29-8198-C49260D374F5}.Debug|Any CPU.ActiveCfg = Debug|Any CPU
		{25BC8E89-7F46-4F29-8198-C49260D374F5}.Debug|Any CPU.Build.0 = Debug|Any CPU
		{25BC8E89-7F46-4F29-8198-C49260D374F5}.Release|Any CPU.ActiveCfg = Release|Any CPU
		{25BC8E89-7F46-4F29-8198-C49260D374F5}.Release|Any CPU.Build.0 = Release|Any CPU
	EndGlobalSection
	GlobalSection(SolutionProperties) = preSolution
		HideSolutionNode = FALSE
	EndGlobalSection
	GlobalSection(NestedProjects) = preSolution
		{7A37DD37-E7A2-4F03-9F60-E6F66D378EE6} = {96C86778-B9C9-4ACE-82B3-32C70C12129A}
		{760075AF-B019-48C8-9922-31BC2B78401B} = {96C86778-B9C9-4ACE-82B3-32C70C12129A}
		{7DBC1DEA-4772-44FD-A336-0626DDA3A76C} = {BDFB2DED-75A5-4FF8-BEF0-6DEFA3C77C78}
		{C7A3DB5F-61B8-4780-93F4-5C859AF9F332} = {BDFB2DED-75A5-4FF8-BEF0-6DEFA3C77C78}
		{96C86778-B9C9-4ACE-82B3-32C70C12129A} = {BDFB2DED-75A5-4FF8-BEF0-6DEFA3C77C78}
		{90455795-8F56-4AFC-A11A-61B576D0B531} = {96C86778-B9C9-4ACE-82B3-32C70C12129A}
		{25BC8E89-7F46-4F29-8198-C49260D374F5} = {BDFB2DED-75A5-4FF8-BEF0-6DEFA3C77C78}
	EndGlobalSection
EndGlobal
